// !$*UTF8*$!
{
	archiveVersion = 1;
	classes = {
	};
	objectVersion = 46;
	objects = {

/* Begin PBXBuildFile section */
		0FF47AEB1F83EC0100C8E8BA /* AppDelegate.swift in Sources */ = {isa = PBXBuildFile; fileRef = 0FF47AEA1F83EC0100C8E8BA /* AppDelegate.swift */; };
		0FF47AED1F83EC0100C8E8BA /* ViewController.swift in Sources */ = {isa = PBXBuildFile; fileRef = 0FF47AEC1F83EC0100C8E8BA /* ViewController.swift */; };
		0FF47AF01F83EC0100C8E8BA /* Main.storyboard in Resources */ = {isa = PBXBuildFile; fileRef = 0FF47AEE1F83EC0100C8E8BA /* Main.storyboard */; };
		0FF47AF21F83EC0100C8E8BA /* Assets.xcassets in Resources */ = {isa = PBXBuildFile; fileRef = 0FF47AF11F83EC0100C8E8BA /* Assets.xcassets */; };
		0FF47AF51F83EC0100C8E8BA /* LaunchScreen.storyboard in Resources */ = {isa = PBXBuildFile; fileRef = 0FF47AF31F83EC0100C8E8BA /* LaunchScreen.storyboard */; };
		0FF47B001F83F3BA00C8E8BA /* ToDoList.swift in Sources */ = {isa = PBXBuildFile; fileRef = 0FF47AFF1F83F3BA00C8E8BA /* ToDoList.swift */; };
		0FF47B031F83FAFC00C8E8BA /* EditListViewController.swift in Sources */ = {isa = PBXBuildFile; fileRef = 0FF47B011F83FAFC00C8E8BA /* EditListViewController.swift */; };
		0FF47B041F83FAFC00C8E8BA /* EditListViewController.xib in Resources */ = {isa = PBXBuildFile; fileRef = 0FF47B021F83FAFC00C8E8BA /* EditListViewController.xib */; };
		6592720F03F03A6BAE1D4001 /* Pods_ToDo.framework in Frameworks */ = {isa = PBXBuildFile; fileRef = BD313C1D8203BC3BF36E8745 /* Pods_ToDo.framework */; };
/* End PBXBuildFile section */

/* Begin PBXFileReference section */
		0FF47AE71F83EC0100C8E8BA /* ToDo.app */ = {isa = PBXFileReference; explicitFileType = wrapper.application; includeInIndex = 0; path = ToDo.app; sourceTree = BUILT_PRODUCTS_DIR; };
		0FF47AEA1F83EC0100C8E8BA /* AppDelegate.swift */ = {isa = PBXFileReference; lastKnownFileType = sourcecode.swift; path = AppDelegate.swift; sourceTree = "<group>"; };
		0FF47AEC1F83EC0100C8E8BA /* ViewController.swift */ = {isa = PBXFileReference; lastKnownFileType = sourcecode.swift; path = ViewController.swift; sourceTree = "<group>"; };
		0FF47AEF1F83EC0100C8E8BA /* Base */ = {isa = PBXFileReference; lastKnownFileType = file.storyboard; name = Base; path = Base.lproj/Main.storyboard; sourceTree = "<group>"; };
		0FF47AF11F83EC0100C8E8BA /* Assets.xcassets */ = {isa = PBXFileReference; lastKnownFileType = folder.assetcatalog; path = Assets.xcassets; sourceTree = "<group>"; };
		0FF47AF41F83EC0100C8E8BA /* Base */ = {isa = PBXFileReference; lastKnownFileType = file.storyboard; name = Base; path = Base.lproj/LaunchScreen.storyboard; sourceTree = "<group>"; };
		0FF47AF61F83EC0100C8E8BA /* Info.plist */ = {isa = PBXFileReference; lastKnownFileType = text.plist.xml; path = Info.plist; sourceTree = "<group>"; };
		0FF47AFF1F83F3BA00C8E8BA /* ToDoList.swift */ = {isa = PBXFileReference; fileEncoding = 4; lastKnownFileType = sourcecode.swift; path = ToDoList.swift; sourceTree = "<group>"; };
		0FF47B011F83FAFC00C8E8BA /* EditListViewController.swift */ = {isa = PBXFileReference; fileEncoding = 4; lastKnownFileType = sourcecode.swift; path = EditListViewController.swift; sourceTree = "<group>"; };
		0FF47B021F83FAFC00C8E8BA /* EditListViewController.xib */ = {isa = PBXFileReference; fileEncoding = 4; lastKnownFileType = file.xib; path = EditListViewController.xib; sourceTree = "<group>"; };
		AB53C5CCC184A5A9AB1E8C83 /* Pods-ToDo.debug.xcconfig */ = {isa = PBXFileReference; includeInIndex = 1; lastKnownFileType = text.xcconfig; name = "Pods-ToDo.debug.xcconfig"; path = "Pods/Target Support Files/Pods-ToDo/Pods-ToDo.debug.xcconfig"; sourceTree = "<group>"; };
		BC8FB722168AD166146D3362 /* Pods-ToDo.release.xcconfig */ = {isa = PBXFileReference; includeInIndex = 1; lastKnownFileType = text.xcconfig; name = "Pods-ToDo.release.xcconfig"; path = "Pods/Target Support Files/Pods-ToDo/Pods-ToDo.release.xcconfig"; sourceTree = "<group>"; };
		BD313C1D8203BC3BF36E8745 /* Pods_ToDo.framework */ = {isa = PBXFileReference; explicitFileType = wrapper.framework; includeInIndex = 0; path = Pods_ToDo.framework; sourceTree = BUILT_PRODUCTS_DIR; };
/* End PBXFileReference section */

/* Begin PBXFrameworksBuildPhase section */
		0FF47AE41F83EC0100C8E8BA /* Frameworks */ = {
			isa = PBXFrameworksBuildPhase;
			buildActionMask = 2147483647;
			files = (
				6592720F03F03A6BAE1D4001 /* Pods_ToDo.framework in Frameworks */,
			);
			runOnlyForDeploymentPostprocessing = 0;
		};
/* End PBXFrameworksBuildPhase section */

/* Begin PBXGroup section */
		0FF47ADE1F83EC0100C8E8BA = {
			isa = PBXGroup;
			children = (
				0FF47AE91F83EC0100C8E8BA /* ToDo */,
				0FF47AE81F83EC0100C8E8BA /* Products */,
				5037D0987679B26406BC6EAB /* Pods */,
				17D47C7E1971DC338606DCF7 /* Frameworks */,
			);
			sourceTree = "<group>";
		};
		0FF47AE81F83EC0100C8E8BA /* Products */ = {
			isa = PBXGroup;
			children = (
				0FF47AE71F83EC0100C8E8BA /* ToDo.app */,
			);
			name = Products;
			sourceTree = "<group>";
		};
		0FF47AE91F83EC0100C8E8BA /* ToDo */ = {
			isa = PBXGroup;
			children = (
				0FF47AFC1F83F32900C8E8BA /* Model */,
				0FF47AEA1F83EC0100C8E8BA /* AppDelegate.swift */,
				0FF47AEC1F83EC0100C8E8BA /* ViewController.swift */,
				0FF47AEE1F83EC0100C8E8BA /* Main.storyboard */,
				0FF47AF11F83EC0100C8E8BA /* Assets.xcassets */,
				0FF47AF31F83EC0100C8E8BA /* LaunchScreen.storyboard */,
				0FF47AF61F83EC0100C8E8BA /* Info.plist */,
				0FF47B011F83FAFC00C8E8BA /* EditListViewController.swift */,
				0FF47B021F83FAFC00C8E8BA /* EditListViewController.xib */,
			);
			path = ToDo;
			sourceTree = "<group>";
		};
		0FF47AFC1F83F32900C8E8BA /* Model */ = {
			isa = PBXGroup;
			children = (
				0FF47AFF1F83F3BA00C8E8BA /* ToDoList.swift */,
			);
			path = Model;
			sourceTree = "<group>";
		};
		17D47C7E1971DC338606DCF7 /* Frameworks */ = {
			isa = PBXGroup;
			children = (
				BD313C1D8203BC3BF36E8745 /* Pods_ToDo.framework */,
			);
			name = Frameworks;
			sourceTree = "<group>";
		};
		5037D0987679B26406BC6EAB /* Pods */ = {
			isa = PBXGroup;
			children = (
				AB53C5CCC184A5A9AB1E8C83 /* Pods-ToDo.debug.xcconfig */,
				BC8FB722168AD166146D3362 /* Pods-ToDo.release.xcconfig */,
			);
			name = Pods;
			sourceTree = "<group>";
		};
/* End PBXGroup section */

/* Begin PBXNativeTarget section */
		0FF47AE61F83EC0100C8E8BA /* ToDo */ = {
			isa = PBXNativeTarget;
			buildConfigurationList = 0FF47AF91F83EC0100C8E8BA /* Build configuration list for PBXNativeTarget "ToDo" */;
			buildPhases = (
				49CED8EDA841F23DC9436C30 /* [CP] Check Pods Manifest.lock */,
				0FF47AE31F83EC0100C8E8BA /* Sources */,
				0FF47AE41F83EC0100C8E8BA /* Frameworks */,
				0FF47AE51F83EC0100C8E8BA /* Resources */,
				D86B5F841B5617C8A4570629 /* [CP] Embed Pods Frameworks */,
				771D4BE59E4447443DCE9220 /* [CP] Copy Pods Resources */,
			);
			buildRules = (
			);
			dependencies = (
			);
			name = ToDo;
			productName = ToDo;
			productReference = 0FF47AE71F83EC0100C8E8BA /* ToDo.app */;
			productType = "com.apple.product-type.application";
		};
/* End PBXNativeTarget section */

/* Begin PBXProject section */
		0FF47ADF1F83EC0100C8E8BA /* Project object */ = {
			isa = PBXProject;
			attributes = {
				LastSwiftUpdateCheck = 0830;
				LastUpgradeCheck = 0830;
				ORGANIZATIONNAME = Self;
				TargetAttributes = {
					0FF47AE61F83EC0100C8E8BA = {
						CreatedOnToolsVersion = 8.3.2;
						ProvisioningStyle = Automatic;
					};
				};
			};
			buildConfigurationList = 0FF47AE21F83EC0100C8E8BA /* Build configuration list for PBXProject "ToDo" */;
			compatibilityVersion = "Xcode 3.2";
			developmentRegion = English;
			hasScannedForEncodings = 0;
			knownRegions = (
				en,
				Base,
			);
			mainGroup = 0FF47ADE1F83EC0100C8E8BA;
			productRefGroup = 0FF47AE81F83EC0100C8E8BA /* Products */;
			projectDirPath = "";
			projectRoot = "";
			targets = (
				0FF47AE61F83EC0100C8E8BA /* ToDo */,
			);
		};
/* End PBXProject section */

/* Begin PBXResourcesBuildPhase section */
		0FF47AE51F83EC0100C8E8BA /* Resources */ = {
			isa = PBXResourcesBuildPhase;
			buildActionMask = 2147483647;
			files = (
				0FF47B041F83FAFC00C8E8BA /* EditListViewController.xib in Resources */,
				0FF47AF51F83EC0100C8E8BA /* LaunchScreen.storyboard in Resources */,
				0FF47AF21F83EC0100C8E8BA /* Assets.xcassets in Resources */,
				0FF47AF01F83EC0100C8E8BA /* Main.storyboard in Resources */,
			);
			runOnlyForDeploymentPostprocessing = 0;
		};
/* End PBXResourcesBuildPhase section */

/* Begin PBXShellScriptBuildPhase section */
		49CED8EDA841F23DC9436C30 /* [CP] Check Pods Manifest.lock */ = {
			isa = PBXShellScriptBuildPhase;
			buildActionMask = 2147483647;
			files = (
			);
			inputPaths = (
			);
			name = "[CP] Check Pods Manifest.lock";
			outputPaths = (
			);
			runOnlyForDeploymentPostprocessing = 0;
			shellPath = /bin/sh;
			shellScript = "diff \"${PODS_PODFILE_DIR_PATH}/Podfile.lock\" \"${PODS_ROOT}/Manifest.lock\" > /dev/null\nif [ $? != 0 ] ; then\n    # print error to STDERR\n    echo \"error: The sandbox is not in sync with the Podfile.lock. Run 'pod install' or update your CocoaPods installation.\" >&2\n    exit 1\nfi\n";
			showEnvVarsInLog = 0;
		};
		771D4BE59E4447443DCE9220 /* [CP] Copy Pods Resources */ = {
			isa = PBXShellScriptBuildPhase;
			buildActionMask = 2147483647;
			files = (
			);
			inputPaths = (
			);
			name = "[CP] Copy Pods Resources";
			outputPaths = (
			);
			runOnlyForDeploymentPostprocessing = 0;
			shellPath = /bin/sh;
			shellScript = "\"${SRCROOT}/Pods/Target Support Files/Pods-ToDo/Pods-ToDo-resources.sh\"\n";
			showEnvVarsInLog = 0;
		};
		D86B5F841B5617C8A4570629 /* [CP] Embed Pods Frameworks */ = {
			isa = PBXShellScriptBuildPhase;
			buildActionMask = 2147483647;
			files = (
			);
			inputPaths = (
			);
			name = "[CP] Embed Pods Frameworks";
			outputPaths = (
			);
			runOnlyForDeploymentPostprocessing = 0;
			shellPath = /bin/sh;
			shellScript = "\"${SRCROOT}/Pods/Target Support Files/Pods-ToDo/Pods-ToDo-frameworks.sh\"\n";
			showEnvVarsInLog = 0;
		};
/* End PBXShellScriptBuildPhase section */

/* Begin PBXSourcesBuildPhase section */
		0FF47AE31F83EC0100C8E8BA /* Sources */ = {
			isa = PBXSourcesBuildPhase;
			buildActionMask = 2147483647;
			files = (
				0FF47B031F83FAFC00C8E8BA /* EditListViewController.swift in Sources */,
				0FF47AED1F83EC0100C8E8BA /* ViewController.swift in Sources */,
				0FF47B001F83F3BA00C8E8BA /* ToDoList.swift in Sources */,
				0FF47AEB1F83EC0100C8E8BA /* AppDelegate.swift in Sources */,
			);
			runOnlyForDeploymentPostprocessing = 0;
		};
/* End PBXSourcesBuildPhase section */

/* Begin PBXVariantGroup section */
		0FF47AEE1F83EC0100C8E8BA /* Main.storyboard */ = {
			isa = PBXVariantGroup;
			children = (
				0FF47AEF1F83EC0100C8E8BA /* Base */,
			);
			name = Main.storyboard;
			sourceTree = "<group>";
		};
		0FF47AF31F83EC0100C8E8BA /* LaunchScreen.storyboard */ = {
			isa = PBXVariantGroup;
			children = (
				0FF47AF41F83EC0100C8E8BA /* Base */,
			);
			name = LaunchScreen.storyboard;
			sourceTree = "<group>";
		};
/* End PBXVariantGroup section */

/* Begin XCBuildConfiguration section */
		0FF47AF71F83EC0100C8E8BA /* Debug */ = {
			isa = XCBuildConfiguration;
			buildSettings = {
				ALWAYS_SEARCH_USER_PATHS = NO;
				CLANG_ANALYZER_NONNULL = YES;
				CLANG_ANALYZER_NUMBER_OBJECT_CONVERSION = YES_AGGRESSIVE;
				CLANG_CXX_LANGUAGE_STANDARD = "gnu++0x";
				CLANG_CXX_LIBRARY = "libc++";
				CLANG_ENABLE_MODULES = YES;
				CLANG_ENABLE_OBJC_ARC = YES;
				CLANG_WARN_BOOL_CONVERSION = YES;
				CLANG_WARN_CONSTANT_CONVERSION = YES;
				CLANG_WARN_DIRECT_OBJC_ISA_USAGE = YES_ERROR;
				CLANG_WARN_DOCUMENTATION_COMMENTS = YES;
				CLANG_WARN_EMPTY_BODY = YES;
				CLANG_WARN_ENUM_CONVERSION = YES;
				CLANG_WARN_INFINITE_RECURSION = YES;
				CLANG_WARN_INT_CONVERSION = YES;
				CLANG_WARN_OBJC_ROOT_CLASS = YES_ERROR;
				CLANG_WARN_SUSPICIOUS_MOVE = YES;
				CLANG_WARN_UNREACHABLE_CODE = YES;
				CLANG_WARN__DUPLICATE_METHOD_MATCH = YES;
				"CODE_SIGN_IDENTITY[sdk=iphoneos*]" = "iPhone Developer";
				COPY_PHASE_STRIP = NO;
				DEBUG_INFORMATION_FORMAT = dwarf;
				ENABLE_STRICT_OBJC_MSGSEND = YES;
				ENABLE_TESTABILITY = YES;
				GCC_C_LANGUAGE_STANDARD = gnu99;
				GCC_DYNAMIC_NO_PIC = NO;
				GCC_NO_COMMON_BLOCKS = YES;
				GCC_OPTIMIZATION_LEVEL = 0;
				GCC_PREPROCESSOR_DEFINITIONS = (
					"DEBUG=1",
					"$(inherited)",
				);
				GCC_WARN_64_TO_32_BIT_CONVERSION = YES;
				GCC_WARN_ABOUT_RETURN_TYPE = YES_ERROR;
				GCC_WARN_UNDECLARED_SELECTOR = YES;
				GCC_WARN_UNINITIALIZED_AUTOS = YES_AGGRESSIVE;
				GCC_WARN_UNUSED_FUNCTION = YES;
				GCC_WARN_UNUSED_VARIABLE = YES;
				IPHONEOS_DEPLOYMENT_TARGET = 10.3;
				MTL_ENABLE_DEBUG_INFO = YES;
				ONLY_ACTIVE_ARCH = YES;
				SDKROOT = iphoneos;
				SWIFT_ACTIVE_COMPILATION_CONDITIONS = DEBUG;
				SWIFT_OPTIMIZATION_LEVEL = "-Onone";
				TARGETED_DEVICE_FAMILY = "1,2";
			};
			name = Debug;
		};
		0FF47AF81F83EC0100C8E8BA /* Release */ = {
			isa = XCBuildConfiguration;
			buildSettings = {
				ALWAYS_SEARCH_USER_PATHS = NO;
				CLANG_ANALYZER_NONNULL = YES;
				CLANG_ANALYZER_NUMBER_OBJECT_CONVERSION = YES_AGGRESSIVE;
				CLANG_CXX_LANGUAGE_STANDARD = "gnu++0x";
				CLANG_CXX_LIBRARY = "libc++";
				CLANG_ENABLE_MODULES = YES;
				CLANG_ENABLE_OBJC_ARC = YES;
				CLANG_WARN_BOOL_CONVERSION = YES;
				CLANG_WARN_CONSTANT_CONVERSION = YES;
				CLANG_WARN_DIRECT_OBJC_ISA_USAGE = YES_ERROR;
				CLANG_WARN_DOCUMENTATION_COMMENTS = YES;
				CLANG_WARN_EMPTY_BODY = YES;
				CLANG_WARN_ENUM_CONVERSION = YES;
				CLANG_WARN_INFINITE_RECURSION = YES;
				CLANG_WARN_INT_CONVERSION = YES;
				CLANG_WARN_OBJC_ROOT_CLASS = YES_ERROR;
				CLANG_WARN_SUSPICIOUS_MOVE = YES;
				CLANG_WARN_UNREACHABLE_CODE = YES;
				CLANG_WARN__DUPLICATE_METHOD_MATCH = YES;
				"CODE_SIGN_IDENTITY[sdk=iphoneos*]" = "iPhone Developer";
				COPY_PHASE_STRIP = NO;
				DEBUG_INFORMATION_FORMAT = "dwarf-with-dsym";
				ENABLE_NS_ASSERTIONS = NO;
				ENABLE_STRICT_OBJC_MSGSEND = YES;
				GCC_C_LANGUAGE_STANDARD = gnu99;
				GCC_NO_COMMON_BLOCKS = YES;
				GCC_WARN_64_TO_32_BIT_CONVERSION = YES;
				GCC_WARN_ABOUT_RETURN_TYPE = YES_ERROR;
				GCC_WARN_UNDECLARED_SELECTOR = YES;
				GCC_WARN_UNINITIALIZED_AUTOS = YES_AGGRESSIVE;
				GCC_WARN_UNUSED_FUNCTION = YES;
				GCC_WARN_UNUSED_VARIABLE = YES;
				IPHONEOS_DEPLOYMENT_TARGET = 10.3;
				MTL_ENABLE_DEBUG_INFO = NO;
				SDKROOT = iphoneos;
				SWIFT_OPTIMIZATION_LEVEL = "-Owholemodule";
				TARGETED_DEVICE_FAMILY = "1,2";
				VALIDATE_PRODUCT = YES;
			};
			name = Release;
		};
		0FF47AFA1F83EC0100C8E8BA /* Debug */ = {
			isa = XCBuildConfiguration;
			baseConfigurationReference = AB53C5CCC184A5A9AB1E8C83 /* Pods-ToDo.debug.xcconfig */;
			buildSettings = {
				ASSETCATALOG_COMPILER_APPICON_NAME = AppIcon;
				INFOPLIST_FILE = ToDo/Info.plist;
				LD_RUNPATH_SEARCH_PATHS = "$(inherited) @executable_path/Frameworks";
				PRODUCT_BUNDLE_IDENTIFIER = com.self.ToDo;
				PRODUCT_NAME = "$(TARGET_NAME)";
				SWIFT_VERSION = 3.0;
			};
			name = Debug;
		};
		0FF47AFB1F83EC0100C8E8BA /* Release */ = {
			isa = XCBuildConfiguration;
			baseConfigurationReference = BC8FB722168AD166146D3362 /* Pods-ToDo.release.xcconfig */;
			buildSettings = {
				ASSETCATALOG_COMPILER_APPICON_NAME = AppIcon;
				INFOPLIST_FILE = ToDo/Info.plist;
				LD_RUNPATH_SEARCH_PATHS = "$(inherited) @executable_path/Frameworks";
				PRODUCT_BUNDLE_IDENTIFIER = com.self.ToDo;
				PRODUCT_NAME = "$(TARGET_NAME)";
				SWIFT_VERSION = 3.0;
			};
			name = Release;
		};
/* End XCBuildConfiguration section */

/* Begin XCConfigurationList section */
		0FF47AE21F83EC0100C8E8BA /* Build configuration list for PBXProject "ToDo" */ = {
			isa = XCConfigurationList;
			buildConfigurations = (
				0FF47AF71F83EC0100C8E8BA /* Debug */,
				0FF47AF81F83EC0100C8E8BA /* Release */,
			);
			defaultConfigurationIsVisible = 0;
			defaultConfigurationName = Release;
		};
		0FF47AF91F83EC0100C8E8BA /* Build configuration list for PBXNativeTarget "ToDo" */ = {
			isa = XCConfigurationList;
			buildConfigurations = (
				0FF47AFA1F83EC0100C8E8BA /* Debug */,
				0FF47AFB1F83EC0100C8E8BA /* Release */,
			);
			defaultConfigurationIsVisible = 0;
			defaultConfigurationName = Release;
		};
/* End XCConfigurationList section */
	};
	rootObject = 0FF47ADF1F83EC0100C8E8BA /* Project object */;
}
